github.com/davecgh/go-spew v1.1.0/go.mod h1:J7Y8YcW2NihsgmVo/mv3lAwl/skON4iLHjSsI+c5H38=
github.com/davecgh/go-spew v1.1.1/go.mod h1:J7Y8YcW2NihsgmVo/mv3lAwl/skON4iLHjSsI+c5H38=
github.com/ekomobile/dadata v1.0.2 h1:bWDQIeBbfXXcBxG1Xme+vvfX6owMksvr56ID9x1CV0s=
github.com/ekomobile/dadata/v2 v2.4.0 h1:pJwyj5Cnzd6F2P+h2FGTebuudmogesv/3aJAhqdtHYM=
github.com/ekomobile/dadata/v2 v2.4.0/go.mod h1:qxkp7URPSTXnTYuN6YUmwefV/uZJ7gSoXLksI4Iac54=
github.com/kyokomi/emoji v1.5.1 h1:qp9dub1mW7C4MlvoRENH6EAENb9skEFOvIEbp1Waj38=
github.com/kyokomi/emoji v2.2.4+incompatible h1:np0woGKwx9LiHAQmwZx79Oc0rHpNw3o+3evou4BEPv4=
github.com/kyokomi/emoji v2.2.4+incompatible/go.mod h1:mZ6aGCD7yk8j6QY6KICwnZ2pxoszVseX1DNoGtU2tBA=
github.com/pmezard/go-difflib v1.0.0/go.mod h1:iKH77koFhYxTK1pcRnkKkqfTogsbg7gZNVY4sRDYZ/4=
github.com/stretchr/objx v0.1.0/go.mod h1:HFkY916IF+rwdDfMAkV7OtwuqBVzrE8GR6GFx+wExME=
github.com/stretchr/testify v1.3.0/go.mod h1:M5WIy9Dh21IEIfnGCwXGc5bZfKNJtfHm1UVUgZn+9EI=
